// !$*UTF8*$!
{
	archiveVersion = 1;
	classes = {
	};
	objectVersion = 51;
	objects = {

/* Begin PBXBuildFile section */
		BA66A075242BF8660073F7CD /* PhotosCollectionViewModel.swift in Sources */ = {isa = PBXBuildFile; fileRef = BA66A074242BF8660073F7CD /* PhotosCollectionViewModel.swift */; };
		BA66A077242BF89A0073F7CD /* PhotoRecentCollectionViewModel.swift in Sources */ = {isa = PBXBuildFile; fileRef = BA66A076242BF89A0073F7CD /* PhotoRecentCollectionViewModel.swift */; };
		BA66A07A242BF9780073F7CD /* Photo.swift in Sources */ = {isa = PBXBuildFile; fileRef = BA66A079242BF9780073F7CD /* Photo.swift */; };
		BA66A088242C00BB0073F7CD /* Store.swift in Sources */ = {isa = PBXBuildFile; fileRef = BA66A084242C00BB0073F7CD /* Store.swift */; };
		BA66A089242C00BB0073F7CD /* PhotosStore.swift in Sources */ = {isa = PBXBuildFile; fileRef = BA66A085242C00BB0073F7CD /* PhotosStore.swift */; };
		BA66A08A242C00BB0073F7CD /* PhotosRecentStore.swift in Sources */ = {isa = PBXBuildFile; fileRef = BA66A086242C00BB0073F7CD /* PhotosRecentStore.swift */; };
		BA66A08E242C05000073F7CD /* PhotosCollectionViewCell.swift in Sources */ = {isa = PBXBuildFile; fileRef = BA66A08D242C05000073F7CD /* PhotosCollectionViewCell.swift */; };
		BA66A091242C05C40073F7CD /* ApiConstants.swift in Sources */ = {isa = PBXBuildFile; fileRef = BA66A090242C05C40073F7CD /* ApiConstants.swift */; };
		BA66A093242C065C0073F7CD /* ColorConstants.swift in Sources */ = {isa = PBXBuildFile; fileRef = BA66A092242C065C0073F7CD /* ColorConstants.swift */; };
		BA96BCB7242A958A00226D6A /* AppDelegate.swift in Sources */ = {isa = PBXBuildFile; fileRef = BA96BCB6242A958A00226D6A /* AppDelegate.swift */; };
		BA96BCB9242A958A00226D6A /* ListingViewController.swift in Sources */ = {isa = PBXBuildFile; fileRef = BA96BCB8242A958A00226D6A /* ListingViewController.swift */; };
		BA96BCBC242A958A00226D6A /* Main.storyboard in Resources */ = {isa = PBXBuildFile; fileRef = BA96BCBA242A958A00226D6A /* Main.storyboard */; };
		BA96BCBE242A958D00226D6A /* Assets.xcassets in Resources */ = {isa = PBXBuildFile; fileRef = BA96BCBD242A958D00226D6A /* Assets.xcassets */; };
		BA96BCC1242A958D00226D6A /* LaunchScreen.storyboard in Resources */ = {isa = PBXBuildFile; fileRef = BA96BCBF242A958D00226D6A /* LaunchScreen.storyboard */; };
		BA96BCCD242A98C200226D6A /* RecentViewController.swift in Sources */ = {isa = PBXBuildFile; fileRef = BA96BCCC242A98C200226D6A /* RecentViewController.swift */; };
		BA96BCCF242A98E600226D6A /* TechnologyUsedViewController.swift in Sources */ = {isa = PBXBuildFile; fileRef = BA96BCCE242A98E600226D6A /* TechnologyUsedViewController.swift */; };
		BA96BCD2242A9A8100226D6A /* Cordinator.swift in Sources */ = {isa = PBXBuildFile; fileRef = BA96BCD1242A9A8100226D6A /* Cordinator.swift */; };
		BA96BCD4242A9ABF00226D6A /* RecentImagesCordinator.swift in Sources */ = {isa = PBXBuildFile; fileRef = BA96BCD3242A9ABF00226D6A /* RecentImagesCordinator.swift */; };
		BA96BCD7242A9B7A00226D6A /* Storyboard+Extension.swift in Sources */ = {isa = PBXBuildFile; fileRef = BA96BCD6242A9B7A00226D6A /* Storyboard+Extension.swift */; };
		BA96BCDA242AA77E00226D6A /* ListingCordinator.swift in Sources */ = {isa = PBXBuildFile; fileRef = BA96BCD9242AA77E00226D6A /* ListingCordinator.swift */; };
		BAFF952B242FF2CC00FD08CC /* ListingViewModel.swift in Sources */ = {isa = PBXBuildFile; fileRef = BAFF952A242FF2CC00FD08CC /* ListingViewModel.swift */; };
		BAFF952D242FF5DA00FD08CC /* ListingStore.swift in Sources */ = {isa = PBXBuildFile; fileRef = BAFF952C242FF5DA00FD08CC /* ListingStore.swift */; };
		BAFF952F2430A55000FD08CC /* ListingModel.swift in Sources */ = {isa = PBXBuildFile; fileRef = BAFF952E2430A55000FD08CC /* ListingModel.swift */; };
		BAFF95312430BF8100FD08CC /* DetailsTableViewController.swift in Sources */ = {isa = PBXBuildFile; fileRef = BAFF95302430BF8100FD08CC /* DetailsTableViewController.swift */; };
		BAFF95332430C12600FD08CC /* DetailsViewModel.swift in Sources */ = {isa = PBXBuildFile; fileRef = BAFF95322430C12600FD08CC /* DetailsViewModel.swift */; };
		BAFF95352430C89C00FD08CC /* TechonlogyCordinator.swift in Sources */ = {isa = PBXBuildFile; fileRef = BAFF95342430C89C00FD08CC /* TechonlogyCordinator.swift */; };
		E62F0C3AFF95549631326815 /* Pods_FlickarMVVMDemo.framework in Frameworks */ = {isa = PBXBuildFile; fileRef = 51998A17E321CF2E9705004C /* Pods_FlickarMVVMDemo.framework */; };
/* End PBXBuildFile section */

/* Begin PBXFileReference section */
		30D11F4E612A9A7C6D1FB5A6 /* Pods-FlickarMVVMDemo.release.xcconfig */ = {isa = PBXFileReference; includeInIndex = 1; lastKnownFileType = text.xcconfig; name = "Pods-FlickarMVVMDemo.release.xcconfig"; path = "Target Support Files/Pods-FlickarMVVMDemo/Pods-FlickarMVVMDemo.release.xcconfig"; sourceTree = "<group>"; };
		51998A17E321CF2E9705004C /* Pods_FlickarMVVMDemo.framework */ = {isa = PBXFileReference; explicitFileType = wrapper.framework; includeInIndex = 0; path = Pods_FlickarMVVMDemo.framework; sourceTree = BUILT_PRODUCTS_DIR; };
		55EFF46DACFC3C75EB859815 /* Pods-FlickarMVVMDemo.debug.xcconfig */ = {isa = PBXFileReference; includeInIndex = 1; lastKnownFileType = text.xcconfig; name = "Pods-FlickarMVVMDemo.debug.xcconfig"; path = "Target Support Files/Pods-FlickarMVVMDemo/Pods-FlickarMVVMDemo.debug.xcconfig"; sourceTree = "<group>"; };
		BA66A074242BF8660073F7CD /* PhotosCollectionViewModel.swift */ = {isa = PBXFileReference; lastKnownFileType = sourcecode.swift; path = PhotosCollectionViewModel.swift; sourceTree = "<group>"; };
		BA66A076242BF89A0073F7CD /* PhotoRecentCollectionViewModel.swift */ = {isa = PBXFileReference; lastKnownFileType = sourcecode.swift; path = PhotoRecentCollectionViewModel.swift; sourceTree = "<group>"; };
		BA66A079242BF9780073F7CD /* Photo.swift */ = {isa = PBXFileReference; lastKnownFileType = sourcecode.swift; path = Photo.swift; sourceTree = "<group>"; };
		BA66A084242C00BB0073F7CD /* Store.swift */ = {isa = PBXFileReference; fileEncoding = 4; lastKnownFileType = sourcecode.swift; path = Store.swift; sourceTree = "<group>"; };
		BA66A085242C00BB0073F7CD /* PhotosStore.swift */ = {isa = PBXFileReference; fileEncoding = 4; lastKnownFileType = sourcecode.swift; path = PhotosStore.swift; sourceTree = "<group>"; };
		BA66A086242C00BB0073F7CD /* PhotosRecentStore.swift */ = {isa = PBXFileReference; fileEncoding = 4; lastKnownFileType = sourcecode.swift; path = PhotosRecentStore.swift; sourceTree = "<group>"; };
		BA66A08D242C05000073F7CD /* PhotosCollectionViewCell.swift */ = {isa = PBXFileReference; fileEncoding = 4; lastKnownFileType = sourcecode.swift; path = PhotosCollectionViewCell.swift; sourceTree = "<group>"; };
		BA66A090242C05C40073F7CD /* ApiConstants.swift */ = {isa = PBXFileReference; fileEncoding = 4; lastKnownFileType = sourcecode.swift; path = ApiConstants.swift; sourceTree = "<group>"; };
		BA66A092242C065C0073F7CD /* ColorConstants.swift */ = {isa = PBXFileReference; fileEncoding = 4; lastKnownFileType = sourcecode.swift; path = ColorConstants.swift; sourceTree = "<group>"; };
		BA96BCB3242A958A00226D6A /* FlickarMVVMDemo.app */ = {isa = PBXFileReference; explicitFileType = wrapper.application; includeInIndex = 0; path = FlickarMVVMDemo.app; sourceTree = BUILT_PRODUCTS_DIR; };
		BA96BCB6242A958A00226D6A /* AppDelegate.swift */ = {isa = PBXFileReference; lastKnownFileType = sourcecode.swift; path = AppDelegate.swift; sourceTree = "<group>"; };
		BA96BCB8242A958A00226D6A /* ListingViewController.swift */ = {isa = PBXFileReference; lastKnownFileType = sourcecode.swift; path = ListingViewController.swift; sourceTree = "<group>"; };
		BA96BCBB242A958A00226D6A /* Base */ = {isa = PBXFileReference; lastKnownFileType = file.storyboard; name = Base; path = Base.lproj/Main.storyboard; sourceTree = "<group>"; };
		BA96BCBD242A958D00226D6A /* Assets.xcassets */ = {isa = PBXFileReference; lastKnownFileType = folder.assetcatalog; path = Assets.xcassets; sourceTree = "<group>"; };
		BA96BCC0242A958D00226D6A /* Base */ = {isa = PBXFileReference; lastKnownFileType = file.storyboard; name = Base; path = Base.lproj/LaunchScreen.storyboard; sourceTree = "<group>"; };
		BA96BCC2242A958D00226D6A /* Info.plist */ = {isa = PBXFileReference; lastKnownFileType = text.plist.xml; path = Info.plist; sourceTree = "<group>"; };
		BA96BCCC242A98C200226D6A /* RecentViewController.swift */ = {isa = PBXFileReference; lastKnownFileType = sourcecode.swift; path = RecentViewController.swift; sourceTree = "<group>"; };
		BA96BCCE242A98E600226D6A /* TechnologyUsedViewController.swift */ = {isa = PBXFileReference; lastKnownFileType = sourcecode.swift; path = TechnologyUsedViewController.swift; sourceTree = "<group>"; };
		BA96BCD1242A9A8100226D6A /* Cordinator.swift */ = {isa = PBXFileReference; lastKnownFileType = sourcecode.swift; path = Cordinator.swift; sourceTree = "<group>"; };
		BA96BCD3242A9ABF00226D6A /* RecentImagesCordinator.swift */ = {isa = PBXFileReference; lastKnownFileType = sourcecode.swift; path = RecentImagesCordinator.swift; sourceTree = "<group>"; };
		BA96BCD6242A9B7A00226D6A /* Storyboard+Extension.swift */ = {isa = PBXFileReference; lastKnownFileType = sourcecode.swift; path = "Storyboard+Extension.swift"; sourceTree = "<group>"; };
		BA96BCD9242AA77E00226D6A /* ListingCordinator.swift */ = {isa = PBXFileReference; lastKnownFileType = sourcecode.swift; path = ListingCordinator.swift; sourceTree = "<group>"; };
		BAFF952A242FF2CC00FD08CC /* ListingViewModel.swift */ = {isa = PBXFileReference; lastKnownFileType = sourcecode.swift; path = ListingViewModel.swift; sourceTree = "<group>"; };
		BAFF952C242FF5DA00FD08CC /* ListingStore.swift */ = {isa = PBXFileReference; lastKnownFileType = sourcecode.swift; path = ListingStore.swift; sourceTree = "<group>"; };
		BAFF952E2430A55000FD08CC /* ListingModel.swift */ = {isa = PBXFileReference; lastKnownFileType = sourcecode.swift; path = ListingModel.swift; sourceTree = "<group>"; };
		BAFF95302430BF8100FD08CC /* DetailsTableViewController.swift */ = {isa = PBXFileReference; lastKnownFileType = sourcecode.swift; path = DetailsTableViewController.swift; sourceTree = "<group>"; };
		BAFF95322430C12600FD08CC /* DetailsViewModel.swift */ = {isa = PBXFileReference; lastKnownFileType = sourcecode.swift; path = DetailsViewModel.swift; sourceTree = "<group>"; };
		BAFF95342430C89C00FD08CC /* TechonlogyCordinator.swift */ = {isa = PBXFileReference; lastKnownFileType = sourcecode.swift; path = TechonlogyCordinator.swift; sourceTree = "<group>"; };
/* End PBXFileReference section */

/* Begin PBXFrameworksBuildPhase section */
		BA96BCB0242A958A00226D6A /* Frameworks */ = {
			isa = PBXFrameworksBuildPhase;
			buildActionMask = 2147483647;
			files = (
				E62F0C3AFF95549631326815 /* Pods_FlickarMVVMDemo.framework in Frameworks */,
			);
			runOnlyForDeploymentPostprocessing = 0;
		};
/* End PBXFrameworksBuildPhase section */

/* Begin PBXGroup section */
		0F6B92494A333B32946BD744 /* Frameworks */ = {
			isa = PBXGroup;
			children = (
				51998A17E321CF2E9705004C /* Pods_FlickarMVVMDemo.framework */,
			);
			name = Frameworks;
			sourceTree = "<group>";
		};
		8BE2E195EB7F6E3079CD85BF /* Pods */ = {
			isa = PBXGroup;
			children = (
				55EFF46DACFC3C75EB859815 /* Pods-FlickarMVVMDemo.debug.xcconfig */,
				30D11F4E612A9A7C6D1FB5A6 /* Pods-FlickarMVVMDemo.release.xcconfig */,
			);
			path = Pods;
			sourceTree = "<group>";
		};
		BA66A073242BF7DB0073F7CD /* ViewModels */ = {
			isa = PBXGroup;
			children = (
				BA66A074242BF8660073F7CD /* PhotosCollectionViewModel.swift */,
				BA66A076242BF89A0073F7CD /* PhotoRecentCollectionViewModel.swift */,
				BAFF952A242FF2CC00FD08CC /* ListingViewModel.swift */,
				BAFF95322430C12600FD08CC /* DetailsViewModel.swift */,
			);
			path = ViewModels;
			sourceTree = "<group>";
		};
		BA66A078242BF8B40073F7CD /* Models */ = {
			isa = PBXGroup;
			children = (
				BA66A079242BF9780073F7CD /* Photo.swift */,
				BAFF952E2430A55000FD08CC /* ListingModel.swift */,
			);
			path = Models;
			sourceTree = "<group>";
		};
		BA66A07B242BFD700073F7CD /* Network */ = {
			isa = PBXGroup;
			children = (
				BA66A086242C00BB0073F7CD /* PhotosRecentStore.swift */,
				BA66A085242C00BB0073F7CD /* PhotosStore.swift */,
				BA66A084242C00BB0073F7CD /* Store.swift */,
				BAFF952C242FF5DA00FD08CC /* ListingStore.swift */,
			);
			path = Network;
			sourceTree = "<group>";
		};
		BA66A08C242C04F30073F7CD /* Views */ = {
			isa = PBXGroup;
			children = (
				BA66A08D242C05000073F7CD /* PhotosCollectionViewCell.swift */,
			);
			path = Views;
			sourceTree = "<group>";
		};
		BA66A08F242C05990073F7CD /* Helpers */ = {
			isa = PBXGroup;
			children = (
				BA66A092242C065C0073F7CD /* ColorConstants.swift */,
				BA66A090242C05C40073F7CD /* ApiConstants.swift */,
			);
			path = Helpers;
			sourceTree = "<group>";
		};
		BA96BCAA242A958A00226D6A = {
			isa = PBXGroup;
			children = (
				BA96BCB5242A958A00226D6A /* FlickarMVVMDemo */,
				BA96BCB4242A958A00226D6A /* Products */,
				8BE2E195EB7F6E3079CD85BF /* Pods */,
				0F6B92494A333B32946BD744 /* Frameworks */,
			);
			sourceTree = "<group>";
		};
		BA96BCB4242A958A00226D6A /* Products */ = {
			isa = PBXGroup;
			children = (
				BA96BCB3242A958A00226D6A /* FlickarMVVMDemo.app */,
			);
			name = Products;
			sourceTree = "<group>";
		};
		BA96BCB5242A958A00226D6A /* FlickarMVVMDemo */ = {
			isa = PBXGroup;
			children = (
				BA96BCC8242A978000226D6A /* AppDelegate */,
				BA96BCCB242A983C00226D6A /* Sources */,
				BA96BCCA242A981C00226D6A /* Storyboard */,
				BA96BCC9242A980900226D6A /* Resources */,
				BA96BCC2242A958D00226D6A /* Info.plist */,
			);
			path = FlickarMVVMDemo;
			sourceTree = "<group>";
		};
		BA96BCC8242A978000226D6A /* AppDelegate */ = {
			isa = PBXGroup;
			children = (
				BA96BCB6242A958A00226D6A /* AppDelegate.swift */,
			);
			path = AppDelegate;
			sourceTree = "<group>";
		};
		BA96BCC9242A980900226D6A /* Resources */ = {
			isa = PBXGroup;
			children = (
				BA96BCBD242A958D00226D6A /* Assets.xcassets */,
			);
			path = Resources;
			sourceTree = "<group>";
		};
		BA96BCCA242A981C00226D6A /* Storyboard */ = {
			isa = PBXGroup;
			children = (
				BA96BCBA242A958A00226D6A /* Main.storyboard */,
				BA96BCBF242A958D00226D6A /* LaunchScreen.storyboard */,
			);
			path = Storyboard;
			sourceTree = "<group>";
		};
		BA96BCCB242A983C00226D6A /* Sources */ = {
			isa = PBXGroup;
			children = (
				BA66A08F242C05990073F7CD /* Helpers */,
				BA66A07B242BFD700073F7CD /* Network */,
				BA96BCD0242A9A6E00226D6A /* Cordinators */,
				BA66A078242BF8B40073F7CD /* Models */,
				BA66A073242BF7DB0073F7CD /* ViewModels */,
				BA66A08C242C04F30073F7CD /* Views */,
				BA96BCD8242AA38A00226D6A /* ViewControllers */,
				BA96BCD5242A9B2900226D6A /* Extensions */,
			);
			path = Sources;
			sourceTree = "<group>";
		};
		BA96BCD0242A9A6E00226D6A /* Cordinators */ = {
			isa = PBXGroup;
			children = (
				BA96BCD1242A9A8100226D6A /* Cordinator.swift */,
				BA96BCD3242A9ABF00226D6A /* RecentImagesCordinator.swift */,
				BA96BCD9242AA77E00226D6A /* ListingCordinator.swift */,
				BAFF95342430C89C00FD08CC /* TechonlogyCordinator.swift */,
			);
			path = Cordinators;
			sourceTree = "<group>";
		};
		BA96BCD5242A9B2900226D6A /* Extensions */ = {
			isa = PBXGroup;
			children = (
				BA96BCD6242A9B7A00226D6A /* Storyboard+Extension.swift */,
			);
			path = Extensions;
			sourceTree = "<group>";
		};
		BA96BCD8242AA38A00226D6A /* ViewControllers */ = {
			isa = PBXGroup;
			children = (
				BA96BCB8242A958A00226D6A /* ListingViewController.swift */,
				BA96BCCC242A98C200226D6A /* RecentViewController.swift */,
				BA96BCCE242A98E600226D6A /* TechnologyUsedViewController.swift */,
				BAFF95302430BF8100FD08CC /* DetailsTableViewController.swift */,
			);
			path = ViewControllers;
			sourceTree = "<group>";
		};
/* End PBXGroup section */

/* Begin PBXNativeTarget section */
		BA96BCB2242A958A00226D6A /* FlickarMVVMDemo */ = {
			isa = PBXNativeTarget;
			buildConfigurationList = BA96BCC5242A958D00226D6A /* Build configuration list for PBXNativeTarget "FlickarMVVMDemo" */;
			buildPhases = (
				56B8ACDBB790CAC46F91FA86 /* [CP] Check Pods Manifest.lock */,
				BA96BCAF242A958A00226D6A /* Sources */,
				BA96BCB0242A958A00226D6A /* Frameworks */,
				BA96BCB1242A958A00226D6A /* Resources */,
				8463A1A48A57DE02708ED39A /* [CP] Embed Pods Frameworks */,
			);
			buildRules = (
			);
			dependencies = (
			);
			name = FlickarMVVMDemo;
			productName = FlickarMVVMDemo;
			productReference = BA96BCB3242A958A00226D6A /* FlickarMVVMDemo.app */;
			productType = "com.apple.product-type.application";
		};
/* End PBXNativeTarget section */

/* Begin PBXProject section */
		BA96BCAB242A958A00226D6A /* Project object */ = {
			isa = PBXProject;
			attributes = {
				LastSwiftUpdateCheck = 1010;
				LastUpgradeCheck = 1010;
				ORGANIZATIONNAME = None;
				TargetAttributes = {
					BA96BCB2242A958A00226D6A = {
						CreatedOnToolsVersion = 10.1;
					};
				};
			};
			buildConfigurationList = BA96BCAE242A958A00226D6A /* Build configuration list for PBXProject "FlickarMVVMDemo" */;
			compatibilityVersion = "Xcode 9.3";
			developmentRegion = en;
			hasScannedForEncodings = 0;
			knownRegions = (
				en,
				Base,
			);
			mainGroup = BA96BCAA242A958A00226D6A;
			productRefGroup = BA96BCB4242A958A00226D6A /* Products */;
			projectDirPath = "";
			projectRoot = "";
			targets = (
				BA96BCB2242A958A00226D6A /* FlickarMVVMDemo */,
			);
		};
/* End PBXProject section */

/* Begin PBXResourcesBuildPhase section */
		BA96BCB1242A958A00226D6A /* Resources */ = {
			isa = PBXResourcesBuildPhase;
			buildActionMask = 2147483647;
			files = (
				BA96BCC1242A958D00226D6A /* LaunchScreen.storyboard in Resources */,
				BA96BCBE242A958D00226D6A /* Assets.xcassets in Resources */,
				BA96BCBC242A958A00226D6A /* Main.storyboard in Resources */,
			);
			runOnlyForDeploymentPostprocessing = 0;
		};
/* End PBXResourcesBuildPhase section */

/* Begin PBXShellScriptBuildPhase section */
		56B8ACDBB790CAC46F91FA86 /* [CP] Check Pods Manifest.lock */ = {
			isa = PBXShellScriptBuildPhase;
			buildActionMask = 2147483647;
			files = (
			);
			inputFileListPaths = (
			);
			inputPaths = (
				"${PODS_PODFILE_DIR_PATH}/Podfile.lock",
				"${PODS_ROOT}/Manifest.lock",
			);
			name = "[CP] Check Pods Manifest.lock";
			outputFileListPaths = (
			);
			outputPaths = (
				"$(DERIVED_FILE_DIR)/Pods-FlickarMVVMDemo-checkManifestLockResult.txt",
			);
			runOnlyForDeploymentPostprocessing = 0;
			shellPath = /bin/sh;
			shellScript = "diff \"${PODS_PODFILE_DIR_PATH}/Podfile.lock\" \"${PODS_ROOT}/Manifest.lock\" > /dev/null\nif [ $? != 0 ] ; then\n    # print error to STDERR\n    echo \"error: The sandbox is not in sync with the Podfile.lock. Run 'pod install' or update your CocoaPods installation.\" >&2\n    exit 1\nfi\n# This output is used by Xcode 'outputs' to avoid re-running this script phase.\necho \"SUCCESS\" > \"${SCRIPT_OUTPUT_FILE_0}\"\n";
			showEnvVarsInLog = 0;
		};
		8463A1A48A57DE02708ED39A /* [CP] Embed Pods Frameworks */ = {
			isa = PBXShellScriptBuildPhase;
			buildActionMask = 2147483647;
			files = (
			);
			inputFileListPaths = (
				"${PODS_ROOT}/Target Support Files/Pods-FlickarMVVMDemo/Pods-FlickarMVVMDemo-frameworks-${CONFIGURATION}-input-files.xcfilelist",
			);
			name = "[CP] Embed Pods Frameworks";
			outputFileListPaths = (
				"${PODS_ROOT}/Target Support Files/Pods-FlickarMVVMDemo/Pods-FlickarMVVMDemo-frameworks-${CONFIGURATION}-output-files.xcfilelist",
			);
			runOnlyForDeploymentPostprocessing = 0;
			shellPath = /bin/sh;
			shellScript = "\"${PODS_ROOT}/Target Support Files/Pods-FlickarMVVMDemo/Pods-FlickarMVVMDemo-frameworks.sh\"\n";
			showEnvVarsInLog = 0;
		};
/* End PBXShellScriptBuildPhase section */

/* Begin PBXSourcesBuildPhase section */
		BA96BCAF242A958A00226D6A /* Sources */ = {
			isa = PBXSourcesBuildPhase;
			buildActionMask = 2147483647;
			files = (
				BAFF95352430C89C00FD08CC /* TechonlogyCordinator.swift in Sources */,
				BA96BCCD242A98C200226D6A /* RecentViewController.swift in Sources */,
				BA96BCD4242A9ABF00226D6A /* RecentImagesCordinator.swift in Sources */,
				BA66A093242C065C0073F7CD /* ColorConstants.swift in Sources */,
				BA66A077242BF89A0073F7CD /* PhotoRecentCollectionViewModel.swift in Sources */,
				BAFF952F2430A55000FD08CC /* ListingModel.swift in Sources */,
				BA66A088242C00BB0073F7CD /* Store.swift in Sources */,
				BAFF952B242FF2CC00FD08CC /* ListingViewModel.swift in Sources */,
				BAFF95332430C12600FD08CC /* DetailsViewModel.swift in Sources */,
				BA66A091242C05C40073F7CD /* ApiConstants.swift in Sources */,
				BA96BCD2242A9A8100226D6A /* Cordinator.swift in Sources */,
				BA96BCD7242A9B7A00226D6A /* Storyboard+Extension.swift in Sources */,
				BA96BCCF242A98E600226D6A /* TechnologyUsedViewController.swift in Sources */,
				BA96BCDA242AA77E00226D6A /* ListingCordinator.swift in Sources */,
				BA66A07A242BF9780073F7CD /* Photo.swift in Sources */,
				BA66A08A242C00BB0073F7CD /* PhotosRecentStore.swift in Sources */,
				BA66A075242BF8660073F7CD /* PhotosCollectionViewModel.swift in Sources */,
				BAFF952D242FF5DA00FD08CC /* ListingStore.swift in Sources */,
				BA66A08E242C05000073F7CD /* PhotosCollectionViewCell.swift in Sources */,
				BA96BCB9242A958A00226D6A /* ListingViewController.swift in Sources */,
				BA96BCB7242A958A00226D6A /* AppDelegate.swift in Sources */,
				BAFF95312430BF8100FD08CC /* DetailsTableViewController.swift in Sources */,
				BA66A089242C00BB0073F7CD /* PhotosStore.swift in Sources */,
			);
			runOnlyForDeploymentPostprocessing = 0;
		};
/* End PBXSourcesBuildPhase section */

/* Begin PBXVariantGroup section */
		BA96BCBA242A958A00226D6A /* Main.storyboard */ = {
			isa = PBXVariantGroup;
			children = (
				BA96BCBB242A958A00226D6A /* Base */,
			);
			name = Main.storyboard;
			sourceTree = "<group>";
		};
		BA96BCBF242A958D00226D6A /* LaunchScreen.storyboard */ = {
			isa = PBXVariantGroup;
			children = (
				BA96BCC0242A958D00226D6A /* Base */,
			);
			name = LaunchScreen.storyboard;
			sourceTree = "<group>";
		};
/* End PBXVariantGroup section */

/* Begin XCBuildConfiguration section */
		BA96BCC3242A958D00226D6A /* Debug */ = {
			isa = XCBuildConfiguration;
			buildSettings = {
				ALWAYS_SEARCH_USER_PATHS = NO;
				CLANG_ANALYZER_NONNULL = YES;
				CLANG_ANALYZER_NUMBER_OBJECT_CONVERSION = YES_AGGRESSIVE;
				CLANG_CXX_LANGUAGE_STANDARD = "gnu++14";
				CLANG_CXX_LIBRARY = "libc++";
				CLANG_ENABLE_MODULES = YES;
				CLANG_ENABLE_OBJC_ARC = YES;
				CLANG_ENABLE_OBJC_WEAK = YES;
				CLANG_WARN_BLOCK_CAPTURE_AUTORELEASING = YES;
				CLANG_WARN_BOOL_CONVERSION = YES;
				CLANG_WARN_COMMA = YES;
				CLANG_WARN_CONSTANT_CONVERSION = YES;
				CLANG_WARN_DEPRECATED_OBJC_IMPLEMENTATIONS = YES;
				CLANG_WARN_DIRECT_OBJC_ISA_USAGE = YES_ERROR;
				CLANG_WARN_DOCUMENTATION_COMMENTS = YES;
				CLANG_WARN_EMPTY_BODY = YES;
				CLANG_WARN_ENUM_CONVERSION = YES;
				CLANG_WARN_INFINITE_RECURSION = YES;
				CLANG_WARN_INT_CONVERSION = YES;
				CLANG_WARN_NON_LITERAL_NULL_CONVERSION = YES;
				CLANG_WARN_OBJC_IMPLICIT_RETAIN_SELF = YES;
				CLANG_WARN_OBJC_LITERAL_CONVERSION = YES;
				CLANG_WARN_OBJC_ROOT_CLASS = YES_ERROR;
				CLANG_WARN_RANGE_LOOP_ANALYSIS = YES;
				CLANG_WARN_STRICT_PROTOTYPES = YES;
				CLANG_WARN_SUSPICIOUS_MOVE = YES;
				CLANG_WARN_UNGUARDED_AVAILABILITY = YES_AGGRESSIVE;
				CLANG_WARN_UNREACHABLE_CODE = YES;
				CLANG_WARN__DUPLICATE_METHOD_MATCH = YES;
				CODE_SIGN_IDENTITY = "iPhone Developer";
				COPY_PHASE_STRIP = NO;
				DEBUG_INFORMATION_FORMAT = dwarf;
				ENABLE_STRICT_OBJC_MSGSEND = YES;
				ENABLE_TESTABILITY = YES;
				GCC_C_LANGUAGE_STANDARD = gnu11;
				GCC_DYNAMIC_NO_PIC = NO;
				GCC_NO_COMMON_BLOCKS = YES;
				GCC_OPTIMIZATION_LEVEL = 0;
				GCC_PREPROCESSOR_DEFINITIONS = (
					"DEBUG=1",
					"$(inherited)",
				);
				GCC_WARN_64_TO_32_BIT_CONVERSION = YES;
				GCC_WARN_ABOUT_RETURN_TYPE = YES_ERROR;
				GCC_WARN_UNDECLARED_SELECTOR = YES;
				GCC_WARN_UNINITIALIZED_AUTOS = YES_AGGRESSIVE;
				GCC_WARN_UNUSED_FUNCTION = YES;
				GCC_WARN_UNUSED_VARIABLE = YES;
				IPHONEOS_DEPLOYMENT_TARGET = 12.1;
				MTL_ENABLE_DEBUG_INFO = INCLUDE_SOURCE;
				MTL_FAST_MATH = YES;
				ONLY_ACTIVE_ARCH = YES;
				SDKROOT = iphoneos;
				SWIFT_ACTIVE_COMPILATION_CONDITIONS = DEBUG;
				SWIFT_OPTIMIZATION_LEVEL = "-Onone";
			};
			name = Debug;
		};
		BA96BCC4242A958D00226D6A /* Release */ = {
			isa = XCBuildConfiguration;
			buildSettings = {
				ALWAYS_SEARCH_USER_PATHS = NO;
				CLANG_ANALYZER_NONNULL = YES;
				CLANG_ANALYZER_NUMBER_OBJECT_CONVERSION = YES_AGGRESSIVE;
				CLANG_CXX_LANGUAGE_STANDARD = "gnu++14";
				CLANG_CXX_LIBRARY = "libc++";
				CLANG_ENABLE_MODULES = YES;
				CLANG_ENABLE_OBJC_ARC = YES;
				CLANG_ENABLE_OBJC_WEAK = YES;
				CLANG_WARN_BLOCK_CAPTURE_AUTORELEASING = YES;
				CLANG_WARN_BOOL_CONVERSION = YES;
				CLANG_WARN_COMMA = YES;
				CLANG_WARN_CONSTANT_CONVERSION = YES;
				CLANG_WARN_DEPRECATED_OBJC_IMPLEMENTATIONS = YES;
				CLANG_WARN_DIRECT_OBJC_ISA_USAGE = YES_ERROR;
				CLANG_WARN_DOCUMENTATION_COMMENTS = YES;
				CLANG_WARN_EMPTY_BODY = YES;
				CLANG_WARN_ENUM_CONVERSION = YES;
				CLANG_WARN_INFINITE_RECURSION = YES;
				CLANG_WARN_INT_CONVERSION = YES;
				CLANG_WARN_NON_LITERAL_NULL_CONVERSION = YES;
				CLANG_WARN_OBJC_IMPLICIT_RETAIN_SELF = YES;
				CLANG_WARN_OBJC_LITERAL_CONVERSION = YES;
				CLANG_WARN_OBJC_ROOT_CLASS = YES_ERROR;
				CLANG_WARN_RANGE_LOOP_ANALYSIS = YES;
				CLANG_WARN_STRICT_PROTOTYPES = YES;
				CLANG_WARN_SUSPICIOUS_MOVE = YES;
				CLANG_WARN_UNGUARDED_AVAILABILITY = YES_AGGRESSIVE;
				CLANG_WARN_UNREACHABLE_CODE = YES;
				CLANG_WARN__DUPLICATE_METHOD_MATCH = YES;
				CODE_SIGN_IDENTITY = "iPhone Developer";
				COPY_PHASE_STRIP = NO;
				DEBUG_INFORMATION_FORMAT = "dwarf-with-dsym";
				ENABLE_NS_ASSERTIONS = NO;
				ENABLE_STRICT_OBJC_MSGSEND = YES;
				GCC_C_LANGUAGE_STANDARD = gnu11;
				GCC_NO_COMMON_BLOCKS = YES;
				GCC_WARN_64_TO_32_BIT_CONVERSION = YES;
				GCC_WARN_ABOUT_RETURN_TYPE = YES_ERROR;
				GCC_WARN_UNDECLARED_SELECTOR = YES;
				GCC_WARN_UNINITIALIZED_AUTOS = YES_AGGRESSIVE;
				GCC_WARN_UNUSED_FUNCTION = YES;
				GCC_WARN_UNUSED_VARIABLE = YES;
				IPHONEOS_DEPLOYMENT_TARGET = 12.1;
				MTL_ENABLE_DEBUG_INFO = NO;
				MTL_FAST_MATH = YES;
				SDKROOT = iphoneos;
				SWIFT_COMPILATION_MODE = wholemodule;
				SWIFT_OPTIMIZATION_LEVEL = "-O";
				VALIDATE_PRODUCT = YES;
			};
			name = Release;
		};
		BA96BCC6242A958D00226D6A /* Debug */ = {
			isa = XCBuildConfiguration;
			baseConfigurationReference = 55EFF46DACFC3C75EB859815 /* Pods-FlickarMVVMDemo.debug.xcconfig */;
			buildSettings = {
				ASSETCATALOG_COMPILER_APPICON_NAME = AppIcon;
				CODE_SIGN_STYLE = Automatic;
				INFOPLIST_FILE = FlickarMVVMDemo/Info.plist;
				LD_RUNPATH_SEARCH_PATHS = (
					"$(inherited)",
					"@executable_path/Frameworks",
				);
				PRODUCT_BUNDLE_IDENTIFIER = None.FlickarMVVMDemo;
				PRODUCT_NAME = "$(TARGET_NAME)";
				SWIFT_VERSION = 4.2;
				TARGETED_DEVICE_FAMILY = "1,2";
			};
			name = Debug;
		};
		BA96BCC7242A958D00226D6A /* Release */ = {
			isa = XCBuildConfiguration;
			baseConfigurationReference = 30D11F4E612A9A7C6D1FB5A6 /* Pods-FlickarMVVMDemo.release.xcconfig */;
			buildSettings = {
				ASSETCATALOG_COMPILER_APPICON_NAME = AppIcon;
				CODE_SIGN_STYLE = Automatic;
				INFOPLIST_FILE = FlickarMVVMDemo/Info.plist;
				LD_RUNPATH_SEARCH_PATHS = (
					"$(inherited)",
					"@executable_path/Frameworks",
				);
				PRODUCT_BUNDLE_IDENTIFIER = None.FlickarMVVMDemo;
				PRODUCT_NAME = "$(TARGET_NAME)";
				SWIFT_VERSION = 4.2;
				TARGETED_DEVICE_FAMILY = "1,2";
			};
			name = Release;
		};
/* End XCBuildConfiguration section */

/* Begin XCConfigurationList section */
		BA96BCAE242A958A00226D6A /* Build configuration list for PBXProject "FlickarMVVMDemo" */ = {
			isa = XCConfigurationList;
			buildConfigurations = (
				BA96BCC3242A958D00226D6A /* Debug */,
				BA96BCC4242A958D00226D6A /* Release */,
			);
			defaultConfigurationIsVisible = 0;
			defaultConfigurationName = Release;
		};
		BA96BCC5242A958D00226D6A /* Build configuration list for PBXNativeTarget "FlickarMVVMDemo" */ = {
			isa = XCConfigurationList;
			buildConfigurations = (
				BA96BCC6242A958D00226D6A /* Debug */,
				BA96BCC7242A958D00226D6A /* Release */,
			);
			defaultConfigurationIsVisible = 0;
			defaultConfigurationName = Release;
		};
/* End XCConfigurationList section */
	};
	rootObject = BA96BCAB242A958A00226D6A /* Project object */;
}
